{
  "version": 4,
  "terraform_version": "1.6.4",
  "serial": 311,
  "lineage": "46403951-1a2a-0f9e-a4c4-a21ac2c02c36",
  "outputs": {},
  "resources": [
    {
      "module": "module.az104-06-rg1",
      "mode": "managed",
      "type": "azurerm_resource_group",
      "name": "az104-06",
      "provider": "provider[\"registry.terraform.io/hashicorp/azurerm\"]",
      "instances": [
        {
          "schema_version": 0,
          "attributes": {
            "id": "/subscriptions/f094a6a8-75ea-4c18-af05-ea242e9f5b26/resourceGroups/dev-az104-06-rg1",
            "location": "eastus",
            "managed_by": "",
            "name": "dev-az104-06-rg1",
            "tags": {
              "environment": "DEV Environment"
            },
            "timeouts": {
              "create": null,
              "delete": null,
              "read": null,
              "update": null
            }
          },
          "sensitive_attributes": [],
          "private": "eyJlMmJmYjczMC1lY2FhLTExZTYtOGY4OC0zNDM2M2JjN2M0YzAiOnsiY3JlYXRlIjo1NDAwMDAwMDAwMDAwLCJkZWxldGUiOjU0MDAwMDAwMDAwMDAsInJlYWQiOjMwMDAwMDAwMDAwMCwidXBkYXRlIjo1NDAwMDAwMDAwMDAwfX0="
        }
      ]
    },
    {
      "module": "module.az104-06-rg2",
      "mode": "managed",
      "type": "azurerm_resource_group",
      "name": "az104-06",
      "provider": "provider[\"registry.terraform.io/hashicorp/azurerm\"]",
      "instances": [
        {
          "schema_version": 0,
          "attributes": {
            "id": "/subscriptions/f094a6a8-75ea-4c18-af05-ea242e9f5b26/resourceGroups/dev-az104-06-rg2",
            "location": "eastus",
            "managed_by": "",
            "name": "dev-az104-06-rg2",
            "tags": {
              "environment": "DEV Environment"
            },
            "timeouts": {
              "create": null,
              "delete": null,
              "read": null,
              "update": null
            }
          },
          "sensitive_attributes": [],
          "private": "eyJlMmJmYjczMC1lY2FhLTExZTYtOGY4OC0zNDM2M2JjN2M0YzAiOnsiY3JlYXRlIjo1NDAwMDAwMDAwMDAwLCJkZWxldGUiOjU0MDAwMDAwMDAwMDAsInJlYWQiOjMwMDAwMDAwMDAwMCwidXBkYXRlIjo1NDAwMDAwMDAwMDAwfX0="
        }
      ]
    },
    {
      "module": "module.az104-06-rg3",
      "mode": "managed",
      "type": "azurerm_resource_group",
      "name": "az104-06",
      "provider": "provider[\"registry.terraform.io/hashicorp/azurerm\"]",
      "instances": [
        {
          "schema_version": 0,
          "attributes": {
            "id": "/subscriptions/f094a6a8-75ea-4c18-af05-ea242e9f5b26/resourceGroups/dev-az104-06-rg3",
            "location": "eastus",
            "managed_by": "",
            "name": "dev-az104-06-rg3",
            "tags": {
              "environment": "DEV Environment"
            },
            "timeouts": {
              "create": null,
              "delete": null,
              "read": null,
              "update": null
            }
          },
          "sensitive_attributes": [],
          "private": "eyJlMmJmYjczMC1lY2FhLTExZTYtOGY4OC0zNDM2M2JjN2M0YzAiOnsiY3JlYXRlIjo1NDAwMDAwMDAwMDAwLCJkZWxldGUiOjU0MDAwMDAwMDAwMDAsInJlYWQiOjMwMDAwMDAwMDAwMCwidXBkYXRlIjo1NDAwMDAwMDAwMDAwfX0="
        }
      ]
    },
    {
      "module": "module.az104-06-vnet01",
      "mode": "managed",
      "type": "azurerm_virtual_network",
      "name": "az104-06",
      "provider": "provider[\"registry.terraform.io/hashicorp/azurerm\"]",
      "instances": [
        {
          "schema_version": 0,
          "attributes": {
            "address_space": [
              "10.60.0.0/22"
            ],
            "bgp_community": "",
            "ddos_protection_plan": [],
            "dns_servers": [],
            "edge_zone": "",
            "encryption": [],
            "flow_timeout_in_minutes": 0,
            "guid": "1f703120-d913-41f0-b59b-35cc14de9d81",
            "id": "/subscriptions/f094a6a8-75ea-4c18-af05-ea242e9f5b26/resourceGroups/dev-az104-06-rg1/providers/Microsoft.Network/virtualNetworks/dev-az104-06-vnet01",
            "location": "eastus",
            "name": "dev-az104-06-vnet01",
            "resource_group_name": "dev-az104-06-rg1",
            "subnet": [
              {
                "address_prefix": "10.60.0.0/24",
                "id": "/subscriptions/f094a6a8-75ea-4c18-af05-ea242e9f5b26/resourceGroups/dev-az104-06-rg1/providers/Microsoft.Network/virtualNetworks/dev-az104-06-vnet01/subnets/dev-vnet01_subnet0",
                "name": "dev-vnet01_subnet0",
                "security_group": "/subscriptions/f094a6a8-75ea-4c18-af05-ea242e9f5b26/resourceGroups/dev-az104-06-rg1/providers/Microsoft.Network/networkSecurityGroups/nsg_vnet01"
              },
              {
                "address_prefix": "10.60.1.0/24",
                "id": "/subscriptions/f094a6a8-75ea-4c18-af05-ea242e9f5b26/resourceGroups/dev-az104-06-rg1/providers/Microsoft.Network/virtualNetworks/dev-az104-06-vnet01/subnets/dev-vnet01_subnet1",
                "name": "dev-vnet01_subnet1",
                "security_group": "/subscriptions/f094a6a8-75ea-4c18-af05-ea242e9f5b26/resourceGroups/dev-az104-06-rg1/providers/Microsoft.Network/networkSecurityGroups/nsg_vnet01"
              },
              {
                "address_prefix": "10.60.3.224/27",
                "id": "/subscriptions/f094a6a8-75ea-4c18-af05-ea242e9f5b26/resourceGroups/dev-az104-06-rg1/providers/Microsoft.Network/virtualNetworks/dev-az104-06-vnet01/subnets/dev-vnet01_subnet_appgw",
                "name": "dev-vnet01_subnet_appgw",
                "security_group": ""
              }
            ],
            "tags": {},
            "timeouts": null
          },
          "sensitive_attributes": [],
          "private": "eyJlMmJmYjczMC1lY2FhLTExZTYtOGY4OC0zNDM2M2JjN2M0YzAiOnsiY3JlYXRlIjoxODAwMDAwMDAwMDAwLCJkZWxldGUiOjE4MDAwMDAwMDAwMDAsInJlYWQiOjMwMDAwMDAwMDAwMCwidXBkYXRlIjoxODAwMDAwMDAwMDAwfX0=",
          "dependencies": [
            "module.az104-06-rg1.azurerm_resource_group.az104-06"
          ]
        }
      ]
    },
    {
      "module": "module.az104-06-vnet02",
      "mode": "managed",
      "type": "azurerm_virtual_network",
      "name": "az104-06",
      "provider": "provider[\"registry.terraform.io/hashicorp/azurerm\"]",
      "instances": [
        {
          "schema_version": 0,
          "attributes": {
            "address_space": [
              "10.62.0.0/22"
            ],
            "bgp_community": "",
            "ddos_protection_plan": [],
            "dns_servers": [],
            "edge_zone": "",
            "encryption": [],
            "flow_timeout_in_minutes": 0,
            "guid": "e2516ef0-12d6-4261-8578-557c21055b4b",
            "id": "/subscriptions/f094a6a8-75ea-4c18-af05-ea242e9f5b26/resourceGroups/dev-az104-06-rg1/providers/Microsoft.Network/virtualNetworks/dev-az104-06-vnet02",
            "location": "eastus",
            "name": "dev-az104-06-vnet02",
            "resource_group_name": "dev-az104-06-rg1",
            "subnet": [
              {
                "address_prefix": "10.62.0.0/24",
                "id": "/subscriptions/f094a6a8-75ea-4c18-af05-ea242e9f5b26/resourceGroups/dev-az104-06-rg1/providers/Microsoft.Network/virtualNetworks/dev-az104-06-vnet02/subnets/dev-vnet02_subnet0",
                "name": "dev-vnet02_subnet0",
                "security_group": "/subscriptions/f094a6a8-75ea-4c18-af05-ea242e9f5b26/resourceGroups/dev-az104-06-rg1/providers/Microsoft.Network/networkSecurityGroups/nsg_vnet02"
              }
            ],
            "tags": {},
            "timeouts": null
          },
          "sensitive_attributes": [],
          "private": "eyJlMmJmYjczMC1lY2FhLTExZTYtOGY4OC0zNDM2M2JjN2M0YzAiOnsiY3JlYXRlIjoxODAwMDAwMDAwMDAwLCJkZWxldGUiOjE4MDAwMDAwMDAwMDAsInJlYWQiOjMwMDAwMDAwMDAwMCwidXBkYXRlIjoxODAwMDAwMDAwMDAwfX0=",
          "dependencies": [
            "module.az104-06-rg1.azurerm_resource_group.az104-06"
          ]
        }
      ]
    },
    {
      "module": "module.az104-06-vnet03",
      "mode": "managed",
      "type": "azurerm_virtual_network",
      "name": "az104-06",
      "provider": "provider[\"registry.terraform.io/hashicorp/azurerm\"]",
      "instances": [
        {
          "schema_version": 0,
          "attributes": {
            "address_space": [
              "10.63.0.0/22"
            ],
            "bgp_community": "",
            "ddos_protection_plan": [],
            "dns_servers": [],
            "edge_zone": "",
            "encryption": [],
            "flow_timeout_in_minutes": 0,
            "guid": "179228b5-3995-4e20-929a-b23b3809ab45",
            "id": "/subscriptions/f094a6a8-75ea-4c18-af05-ea242e9f5b26/resourceGroups/dev-az104-06-rg1/providers/Microsoft.Network/virtualNetworks/dev-az104-06-vnet03",
            "location": "eastus",
            "name": "dev-az104-06-vnet03",
            "resource_group_name": "dev-az104-06-rg1",
            "subnet": [
              {
                "address_prefix": "10.63.0.0/24",
                "id": "/subscriptions/f094a6a8-75ea-4c18-af05-ea242e9f5b26/resourceGroups/dev-az104-06-rg1/providers/Microsoft.Network/virtualNetworks/dev-az104-06-vnet03/subnets/dev-vnet03_subnet0",
                "name": "dev-vnet03_subnet0",
                "security_group": "/subscriptions/f094a6a8-75ea-4c18-af05-ea242e9f5b26/resourceGroups/dev-az104-06-rg1/providers/Microsoft.Network/networkSecurityGroups/nsg_vnet03"
              }
            ],
            "tags": {},
            "timeouts": null
          },
          "sensitive_attributes": [],
          "private": "eyJlMmJmYjczMC1lY2FhLTExZTYtOGY4OC0zNDM2M2JjN2M0YzAiOnsiY3JlYXRlIjoxODAwMDAwMDAwMDAwLCJkZWxldGUiOjE4MDAwMDAwMDAwMDAsInJlYWQiOjMwMDAwMDAwMDAwMCwidXBkYXRlIjoxODAwMDAwMDAwMDAwfX0=",
          "dependencies": [
            "module.az104-06-rg1.azurerm_resource_group.az104-06"
          ]
        }
      ]
    },
    {
      "module": "module.managed_disk_01",
      "mode": "managed",
      "type": "azurerm_managed_disk",
      "name": "myosdisk",
      "provider": "provider[\"registry.terraform.io/hashicorp/azurerm\"]",
      "instances": [
        {
          "schema_version": 1,
          "attributes": {
            "create_option": "Copy",
            "disk_access_id": "",
            "disk_encryption_set_id": "",
            "disk_iops_read_only": 0,
            "disk_iops_read_write": 500,
            "disk_mbps_read_only": 0,
            "disk_mbps_read_write": 60,
            "disk_size_gb": 128,
            "edge_zone": "",
            "encryption_settings": [],
            "gallery_image_reference_id": "",
            "hyper_v_generation": "",
            "id": "/subscriptions/f094a6a8-75ea-4c18-af05-ea242e9f5b26/resourceGroups/dev-az104-06-rg1/providers/Microsoft.Compute/disks/myosdisk01",
            "image_reference_id": "",
            "location": "eastus",
            "logical_sector_size": null,
            "max_shares": 0,
            "name": "myosdisk01",
            "network_access_policy": null,
            "on_demand_bursting_enabled": false,
            "optimized_frequent_attach_enabled": false,
            "os_type": "Linux",
            "performance_plus_enabled": false,
            "public_network_access_enabled": true,
            "resource_group_name": "dev-az104-06-rg1",
            "secure_vm_disk_encryption_set_id": "",
            "security_type": "",
            "source_resource_id": "/subscriptions/f094a6a8-75ea-4c18-af05-ea242e9f5b26/resourceGroups/dev-az104-06-rg1/providers/Microsoft.Compute/disks/source_disk",
            "source_uri": "",
            "storage_account_id": "",
            "storage_account_type": "Standard_LRS",
            "tags": {},
            "tier": "",
            "timeouts": null,
            "trusted_launch_enabled": false,
            "upload_size_bytes": 0,
            "zone": ""
          },
          "sensitive_attributes": [],
          "private": "eyJlMmJmYjczMC1lY2FhLTExZTYtOGY4OC0zNDM2M2JjN2M0YzAiOnsiY3JlYXRlIjoxODAwMDAwMDAwMDAwLCJkZWxldGUiOjE4MDAwMDAwMDAwMDAsInJlYWQiOjMwMDAwMDAwMDAwMCwidXBkYXRlIjoxODAwMDAwMDAwMDAwfSwic2NoZW1hX3ZlcnNpb24iOiIxIn0=",
          "dependencies": [
            "module.az104-06-rg1.azurerm_resource_group.az104-06",
            "module.managed_disk_empty_name.azurerm_managed_disk.source_disk"
          ]
        }
      ]
    },
    {
      "module": "module.managed_disk_02",
      "mode": "managed",
      "type": "azurerm_managed_disk",
      "name": "myosdisk",
      "provider": "provider[\"registry.terraform.io/hashicorp/azurerm\"]",
      "instances": [
        {
          "schema_version": 1,
          "attributes": {
            "create_option": "Copy",
            "disk_access_id": "",
            "disk_encryption_set_id": "",
            "disk_iops_read_only": 0,
            "disk_iops_read_write": 500,
            "disk_mbps_read_only": 0,
            "disk_mbps_read_write": 60,
            "disk_size_gb": 128,
            "edge_zone": "",
            "encryption_settings": [],
            "gallery_image_reference_id": "",
            "hyper_v_generation": "",
            "id": "/subscriptions/f094a6a8-75ea-4c18-af05-ea242e9f5b26/resourceGroups/dev-az104-06-rg1/providers/Microsoft.Compute/disks/myosdisk02",
            "image_reference_id": "",
            "location": "eastus",
            "logical_sector_size": null,
            "max_shares": 0,
            "name": "myosdisk02",
            "network_access_policy": null,
            "on_demand_bursting_enabled": false,
            "optimized_frequent_attach_enabled": false,
            "os_type": "Linux",
            "performance_plus_enabled": false,
            "public_network_access_enabled": true,
            "resource_group_name": "dev-az104-06-rg1",
            "secure_vm_disk_encryption_set_id": "",
            "security_type": "",
            "source_resource_id": "/subscriptions/f094a6a8-75ea-4c18-af05-ea242e9f5b26/resourceGroups/dev-az104-06-rg1/providers/Microsoft.Compute/disks/source_disk",
            "source_uri": "",
            "storage_account_id": "",
            "storage_account_type": "Standard_LRS",
            "tags": {},
            "tier": "",
            "timeouts": null,
            "trusted_launch_enabled": false,
            "upload_size_bytes": 0,
            "zone": ""
          },
          "sensitive_attributes": [],
          "private": "eyJlMmJmYjczMC1lY2FhLTExZTYtOGY4OC0zNDM2M2JjN2M0YzAiOnsiY3JlYXRlIjoxODAwMDAwMDAwMDAwLCJkZWxldGUiOjE4MDAwMDAwMDAwMDAsInJlYWQiOjMwMDAwMDAwMDAwMCwidXBkYXRlIjoxODAwMDAwMDAwMDAwfSwic2NoZW1hX3ZlcnNpb24iOiIxIn0=",
          "dependencies": [
            "module.az104-06-rg1.azurerm_resource_group.az104-06",
            "module.managed_disk_empty_name.azurerm_managed_disk.source_disk"
          ]
        }
      ]
    },
    {
      "module": "module.managed_disk_03",
      "mode": "managed",
      "type": "azurerm_managed_disk",
      "name": "myosdisk",
      "provider": "provider[\"registry.terraform.io/hashicorp/azurerm\"]",
      "instances": [
        {
          "schema_version": 1,
          "attributes": {
            "create_option": "Copy",
            "disk_access_id": "",
            "disk_encryption_set_id": "",
            "disk_iops_read_only": 0,
            "disk_iops_read_write": 500,
            "disk_mbps_read_only": 0,
            "disk_mbps_read_write": 60,
            "disk_size_gb": 128,
            "edge_zone": "",
            "encryption_settings": [],
            "gallery_image_reference_id": "",
            "hyper_v_generation": "",
            "id": "/subscriptions/f094a6a8-75ea-4c18-af05-ea242e9f5b26/resourceGroups/dev-az104-06-rg1/providers/Microsoft.Compute/disks/myosdisk03",
            "image_reference_id": "",
            "location": "eastus",
            "logical_sector_size": null,
            "max_shares": 0,
            "name": "myosdisk03",
            "network_access_policy": null,
            "on_demand_bursting_enabled": false,
            "optimized_frequent_attach_enabled": false,
            "os_type": "Linux",
            "performance_plus_enabled": false,
            "public_network_access_enabled": true,
            "resource_group_name": "dev-az104-06-rg1",
            "secure_vm_disk_encryption_set_id": "",
            "security_type": "",
            "source_resource_id": "/subscriptions/f094a6a8-75ea-4c18-af05-ea242e9f5b26/resourceGroups/dev-az104-06-rg1/providers/Microsoft.Compute/disks/source_disk",
            "source_uri": "",
            "storage_account_id": "",
            "storage_account_type": "Standard_LRS",
            "tags": {},
            "tier": "",
            "timeouts": null,
            "trusted_launch_enabled": false,
            "upload_size_bytes": 0,
            "zone": ""
          },
          "sensitive_attributes": [],
          "private": "eyJlMmJmYjczMC1lY2FhLTExZTYtOGY4OC0zNDM2M2JjN2M0YzAiOnsiY3JlYXRlIjoxODAwMDAwMDAwMDAwLCJkZWxldGUiOjE4MDAwMDAwMDAwMDAsInJlYWQiOjMwMDAwMDAwMDAwMCwidXBkYXRlIjoxODAwMDAwMDAwMDAwfSwic2NoZW1hX3ZlcnNpb24iOiIxIn0=",
          "dependencies": [
            "module.az104-06-rg1.azurerm_resource_group.az104-06",
            "module.managed_disk_empty_name.azurerm_managed_disk.source_disk"
          ]
        }
      ]
    },
    {
      "module": "module.managed_disk_04",
      "mode": "managed",
      "type": "azurerm_managed_disk",
      "name": "myosdisk",
      "provider": "provider[\"registry.terraform.io/hashicorp/azurerm\"]",
      "instances": [
        {
          "schema_version": 1,
          "attributes": {
            "create_option": "Copy",
            "disk_access_id": "",
            "disk_encryption_set_id": "",
            "disk_iops_read_only": 0,
            "disk_iops_read_write": 500,
            "disk_mbps_read_only": 0,
            "disk_mbps_read_write": 60,
            "disk_size_gb": 128,
            "edge_zone": "",
            "encryption_settings": [],
            "gallery_image_reference_id": "",
            "hyper_v_generation": "",
            "id": "/subscriptions/f094a6a8-75ea-4c18-af05-ea242e9f5b26/resourceGroups/dev-az104-06-rg1/providers/Microsoft.Compute/disks/myosdisk04",
            "image_reference_id": "",
            "location": "eastus",
            "logical_sector_size": null,
            "max_shares": 0,
            "name": "myosdisk04",
            "network_access_policy": null,
            "on_demand_bursting_enabled": false,
            "optimized_frequent_attach_enabled": false,
            "os_type": "Linux",
            "performance_plus_enabled": false,
            "public_network_access_enabled": true,
            "resource_group_name": "dev-az104-06-rg1",
            "secure_vm_disk_encryption_set_id": "",
            "security_type": "",
            "source_resource_id": "/subscriptions/f094a6a8-75ea-4c18-af05-ea242e9f5b26/resourceGroups/dev-az104-06-rg1/providers/Microsoft.Compute/disks/source_disk",
            "source_uri": "",
            "storage_account_id": "",
            "storage_account_type": "Standard_LRS",
            "tags": {},
            "tier": "",
            "timeouts": null,
            "trusted_launch_enabled": false,
            "upload_size_bytes": 0,
            "zone": ""
          },
          "sensitive_attributes": [],
          "private": "eyJlMmJmYjczMC1lY2FhLTExZTYtOGY4OC0zNDM2M2JjN2M0YzAiOnsiY3JlYXRlIjoxODAwMDAwMDAwMDAwLCJkZWxldGUiOjE4MDAwMDAwMDAwMDAsInJlYWQiOjMwMDAwMDAwMDAwMCwidXBkYXRlIjoxODAwMDAwMDAwMDAwfSwic2NoZW1hX3ZlcnNpb24iOiIxIn0=",
          "dependencies": [
            "module.az104-06-rg1.azurerm_resource_group.az104-06",
            "module.managed_disk_empty_name.azurerm_managed_disk.source_disk"
          ]
        }
      ]
    },
    {
      "module": "module.managed_disk_empty_name",
      "mode": "managed",
      "type": "azurerm_managed_disk",
      "name": "source_disk",
      "provider": "provider[\"registry.terraform.io/hashicorp/azurerm\"]",
      "instances": [
        {
          "schema_version": 1,
          "attributes": {
            "create_option": "Empty",
            "disk_access_id": "",
            "disk_encryption_set_id": "",
            "disk_iops_read_only": 0,
            "disk_iops_read_write": 500,
            "disk_mbps_read_only": 0,
            "disk_mbps_read_write": 60,
            "disk_size_gb": 128,
            "edge_zone": "",
            "encryption_settings": [],
            "gallery_image_reference_id": "",
            "hyper_v_generation": "",
            "id": "/subscriptions/f094a6a8-75ea-4c18-af05-ea242e9f5b26/resourceGroups/dev-az104-06-rg1/providers/Microsoft.Compute/disks/source_disk",
            "image_reference_id": "",
            "location": "eastus",
            "logical_sector_size": null,
            "max_shares": 0,
            "name": "source_disk",
            "network_access_policy": null,
            "on_demand_bursting_enabled": false,
            "optimized_frequent_attach_enabled": false,
            "os_type": "",
            "performance_plus_enabled": false,
            "public_network_access_enabled": true,
            "resource_group_name": "dev-az104-06-rg1",
            "secure_vm_disk_encryption_set_id": "",
            "security_type": "",
            "source_resource_id": "",
            "source_uri": "",
            "storage_account_id": "",
            "storage_account_type": "Standard_LRS",
            "tags": {},
            "tier": "",
            "timeouts": null,
            "trusted_launch_enabled": false,
            "upload_size_bytes": 0,
            "zone": ""
          },
          "sensitive_attributes": [],
          "private": "eyJlMmJmYjczMC1lY2FhLTExZTYtOGY4OC0zNDM2M2JjN2M0YzAiOnsiY3JlYXRlIjoxODAwMDAwMDAwMDAwLCJkZWxldGUiOjE4MDAwMDAwMDAwMDAsInJlYWQiOjMwMDAwMDAwMDAwMCwidXBkYXRlIjoxODAwMDAwMDAwMDAwfSwic2NoZW1hX3ZlcnNpb24iOiIxIn0=",
          "dependencies": [
            "module.az104-06-rg1.azurerm_resource_group.az104-06"
          ]
        }
      ]
    },
    {
      "module": "module.nic-01",
      "mode": "managed",
      "type": "azurerm_network_interface",
      "name": "nic",
      "provider": "provider[\"registry.terraform.io/hashicorp/azurerm\"]",
      "instances": [
        {
          "schema_version": 0,
          "attributes": {
            "applied_dns_servers": [],
            "auxiliary_mode": "",
            "auxiliary_sku": "",
            "dns_servers": [],
            "edge_zone": "",
            "enable_accelerated_networking": false,
            "enable_ip_forwarding": true,
            "id": "/subscriptions/f094a6a8-75ea-4c18-af05-ea242e9f5b26/resourceGroups/dev-az104-06-rg1/providers/Microsoft.Network/networkInterfaces/NIC-01",
            "internal_dns_name_label": "",
            "internal_domain_name_suffix": "eayxahyt1hyednm1gxgbjxu3qb.bx.internal.cloudapp.net",
            "ip_configuration": [
              {
                "gateway_load_balancer_frontend_ip_configuration_id": "",
                "name": "ip_config_01",
                "primary": true,
                "private_ip_address": "10.60.0.4",
                "private_ip_address_allocation": "Dynamic",
                "private_ip_address_version": "IPv4",
                "public_ip_address_id": "",
                "subnet_id": "/subscriptions/f094a6a8-75ea-4c18-af05-ea242e9f5b26/resourceGroups/dev-az104-06-rg1/providers/Microsoft.Network/virtualNetworks/dev-az104-06-vnet01/subnets/dev-vnet01_subnet0"
              }
            ],
            "location": "eastus",
            "mac_address": "00-0D-3A-17-B4-8C",
            "name": "NIC-01",
            "private_ip_address": "10.60.0.4",
            "private_ip_addresses": [
              "10.60.0.4"
            ],
            "resource_group_name": "dev-az104-06-rg1",
            "tags": {},
            "timeouts": null,
            "virtual_machine_id": "/subscriptions/f094a6a8-75ea-4c18-af05-ea242e9f5b26/resourceGroups/dev-az104-06-rg1/providers/Microsoft.Compute/virtualMachines/vm-01"
          },
          "sensitive_attributes": [],
          "private": "eyJlMmJmYjczMC1lY2FhLTExZTYtOGY4OC0zNDM2M2JjN2M0YzAiOnsiY3JlYXRlIjoxODAwMDAwMDAwMDAwLCJkZWxldGUiOjE4MDAwMDAwMDAwMDAsInJlYWQiOjMwMDAwMDAwMDAwMCwidXBkYXRlIjoxODAwMDAwMDAwMDAwfX0=",
          "dependencies": [
            "module.az104-06-rg1.azurerm_resource_group.az104-06",
            "module.az104-06-vnet01.azurerm_virtual_network.az104-06",
            "module.vnet01_subnet0.azurerm_subnet.subnet"
          ]
        }
      ]
    },
    {
      "module": "module.nic-02",
      "mode": "managed",
      "type": "azurerm_network_interface",
      "name": "nic",
      "provider": "provider[\"registry.terraform.io/hashicorp/azurerm\"]",
      "instances": [
        {
          "schema_version": 0,
          "attributes": {
            "applied_dns_servers": [],
            "auxiliary_mode": "",
            "auxiliary_sku": "",
            "dns_servers": [],
            "edge_zone": "",
            "enable_accelerated_networking": false,
            "enable_ip_forwarding": true,
            "id": "/subscriptions/f094a6a8-75ea-4c18-af05-ea242e9f5b26/resourceGroups/dev-az104-06-rg1/providers/Microsoft.Network/networkInterfaces/NIC-02",
            "internal_dns_name_label": "",
            "internal_domain_name_suffix": "eayxahyt1hyednm1gxgbjxu3qb.bx.internal.cloudapp.net",
            "ip_configuration": [
              {
                "gateway_load_balancer_frontend_ip_configuration_id": "",
                "name": "ip_config_02",
                "primary": true,
                "private_ip_address": "10.60.1.4",
                "private_ip_address_allocation": "Dynamic",
                "private_ip_address_version": "IPv4",
                "public_ip_address_id": "",
                "subnet_id": "/subscriptions/f094a6a8-75ea-4c18-af05-ea242e9f5b26/resourceGroups/dev-az104-06-rg1/providers/Microsoft.Network/virtualNetworks/dev-az104-06-vnet01/subnets/dev-vnet01_subnet1"
              }
            ],
            "location": "eastus",
            "mac_address": "00-0D-3A-19-14-D1",
            "name": "NIC-02",
            "private_ip_address": "10.60.1.4",
            "private_ip_addresses": [
              "10.60.1.4"
            ],
            "resource_group_name": "dev-az104-06-rg1",
            "tags": {},
            "timeouts": null,
            "virtual_machine_id": "/subscriptions/f094a6a8-75ea-4c18-af05-ea242e9f5b26/resourceGroups/dev-az104-06-rg1/providers/Microsoft.Compute/virtualMachines/vm-02"
          },
          "sensitive_attributes": [],
          "private": "eyJlMmJmYjczMC1lY2FhLTExZTYtOGY4OC0zNDM2M2JjN2M0YzAiOnsiY3JlYXRlIjoxODAwMDAwMDAwMDAwLCJkZWxldGUiOjE4MDAwMDAwMDAwMDAsInJlYWQiOjMwMDAwMDAwMDAwMCwidXBkYXRlIjoxODAwMDAwMDAwMDAwfX0=",
          "dependencies": [
            "module.az104-06-rg1.azurerm_resource_group.az104-06",
            "module.az104-06-vnet01.azurerm_virtual_network.az104-06",
            "module.vnet01_subnet1.azurerm_subnet.subnet"
          ]
        }
      ]
    },
    {
      "module": "module.nic-03",
      "mode": "managed",
      "type": "azurerm_network_interface",
      "name": "nic",
      "provider": "provider[\"registry.terraform.io/hashicorp/azurerm\"]",
      "instances": [
        {
          "schema_version": 0,
          "attributes": {
            "applied_dns_servers": [],
            "auxiliary_mode": "",
            "auxiliary_sku": "",
            "dns_servers": [],
            "edge_zone": "",
            "enable_accelerated_networking": false,
            "enable_ip_forwarding": true,
            "id": "/subscriptions/f094a6a8-75ea-4c18-af05-ea242e9f5b26/resourceGroups/dev-az104-06-rg1/providers/Microsoft.Network/networkInterfaces/NIC-03",
            "internal_dns_name_label": "",
            "internal_domain_name_suffix": "4bxfdywwcjqufblykv4ccbk1jd.bx.internal.cloudapp.net",
            "ip_configuration": [
              {
                "gateway_load_balancer_frontend_ip_configuration_id": "",
                "name": "ip_config_03",
                "primary": true,
                "private_ip_address": "10.62.0.4",
                "private_ip_address_allocation": "Dynamic",
                "private_ip_address_version": "IPv4",
                "public_ip_address_id": "",
                "subnet_id": "/subscriptions/f094a6a8-75ea-4c18-af05-ea242e9f5b26/resourceGroups/dev-az104-06-rg1/providers/Microsoft.Network/virtualNetworks/dev-az104-06-vnet02/subnets/dev-vnet02_subnet0"
              }
            ],
            "location": "eastus",
            "mac_address": "00-0D-3A-19-17-7C",
            "name": "NIC-03",
            "private_ip_address": "10.62.0.4",
            "private_ip_addresses": [
              "10.62.0.4"
            ],
            "resource_group_name": "dev-az104-06-rg1",
            "tags": {},
            "timeouts": null,
            "virtual_machine_id": "/subscriptions/f094a6a8-75ea-4c18-af05-ea242e9f5b26/resourceGroups/dev-az104-06-rg1/providers/Microsoft.Compute/virtualMachines/vm-03"
          },
          "sensitive_attributes": [],
          "private": "eyJlMmJmYjczMC1lY2FhLTExZTYtOGY4OC0zNDM2M2JjN2M0YzAiOnsiY3JlYXRlIjoxODAwMDAwMDAwMDAwLCJkZWxldGUiOjE4MDAwMDAwMDAwMDAsInJlYWQiOjMwMDAwMDAwMDAwMCwidXBkYXRlIjoxODAwMDAwMDAwMDAwfX0=",
          "dependencies": [
            "module.az104-06-rg1.azurerm_resource_group.az104-06",
            "module.az104-06-vnet02.azurerm_virtual_network.az104-06",
            "module.vnet02_subnet0.azurerm_subnet.subnet"
          ]
        }
      ]
    },
    {
      "module": "module.nic-04",
      "mode": "managed",
      "type": "azurerm_network_interface",
      "name": "nic",
      "provider": "provider[\"registry.terraform.io/hashicorp/azurerm\"]",
      "instances": [
        {
          "schema_version": 0,
          "attributes": {
            "applied_dns_servers": [],
            "auxiliary_mode": "",
            "auxiliary_sku": "",
            "dns_servers": [],
            "edge_zone": "",
            "enable_accelerated_networking": false,
            "enable_ip_forwarding": true,
            "id": "/subscriptions/f094a6a8-75ea-4c18-af05-ea242e9f5b26/resourceGroups/dev-az104-06-rg1/providers/Microsoft.Network/networkInterfaces/NIC-04",
            "internal_dns_name_label": "",
            "internal_domain_name_suffix": "wuujef2vheqe3eu0wi3tqcnlif.bx.internal.cloudapp.net",
            "ip_configuration": [
              {
                "gateway_load_balancer_frontend_ip_configuration_id": "",
                "name": "ip_config_04",
                "primary": true,
                "private_ip_address": "10.63.0.4",
                "private_ip_address_allocation": "Dynamic",
                "private_ip_address_version": "IPv4",
                "public_ip_address_id": "",
                "subnet_id": "/subscriptions/f094a6a8-75ea-4c18-af05-ea242e9f5b26/resourceGroups/dev-az104-06-rg1/providers/Microsoft.Network/virtualNetworks/dev-az104-06-vnet03/subnets/dev-vnet03_subnet0"
              }
            ],
            "location": "eastus",
            "mac_address": "00-0D-3A-18-32-33",
            "name": "NIC-04",
            "private_ip_address": "10.63.0.4",
            "private_ip_addresses": [
              "10.63.0.4"
            ],
            "resource_group_name": "dev-az104-06-rg1",
            "tags": {},
            "timeouts": null,
            "virtual_machine_id": "/subscriptions/f094a6a8-75ea-4c18-af05-ea242e9f5b26/resourceGroups/dev-az104-06-rg1/providers/Microsoft.Compute/virtualMachines/vm-04"
          },
          "sensitive_attributes": [],
          "private": "eyJlMmJmYjczMC1lY2FhLTExZTYtOGY4OC0zNDM2M2JjN2M0YzAiOnsiY3JlYXRlIjoxODAwMDAwMDAwMDAwLCJkZWxldGUiOjE4MDAwMDAwMDAwMDAsInJlYWQiOjMwMDAwMDAwMDAwMCwidXBkYXRlIjoxODAwMDAwMDAwMDAwfX0=",
          "dependencies": [
            "module.az104-06-rg1.azurerm_resource_group.az104-06",
            "module.az104-06-vnet03.azurerm_virtual_network.az104-06",
            "module.vnet03_subnet0.azurerm_subnet.subnet"
          ]
        }
      ]
    },
    {
      "module": "module.nsg_associate_v1s0",
      "mode": "managed",
      "type": "azurerm_subnet_network_security_group_association",
      "name": "nsg_associate",
      "provider": "provider[\"registry.terraform.io/hashicorp/azurerm\"]",
      "instances": [
        {
          "schema_version": 0,
          "attributes": {
            "id": "/subscriptions/f094a6a8-75ea-4c18-af05-ea242e9f5b26/resourceGroups/dev-az104-06-rg1/providers/Microsoft.Network/virtualNetworks/dev-az104-06-vnet01/subnets/dev-vnet01_subnet0",
            "network_security_group_id": "/subscriptions/f094a6a8-75ea-4c18-af05-ea242e9f5b26/resourceGroups/dev-az104-06-rg1/providers/Microsoft.Network/networkSecurityGroups/nsg_vnet01",
            "subnet_id": "/subscriptions/f094a6a8-75ea-4c18-af05-ea242e9f5b26/resourceGroups/dev-az104-06-rg1/providers/Microsoft.Network/virtualNetworks/dev-az104-06-vnet01/subnets/dev-vnet01_subnet0",
            "timeouts": null
          },
          "sensitive_attributes": [],
          "private": "eyJlMmJmYjczMC1lY2FhLTExZTYtOGY4OC0zNDM2M2JjN2M0YzAiOnsiY3JlYXRlIjoxODAwMDAwMDAwMDAwLCJkZWxldGUiOjE4MDAwMDAwMDAwMDAsInJlYWQiOjMwMDAwMDAwMDAwMH19",
          "dependencies": [
            "module.az104-06-rg1.azurerm_resource_group.az104-06",
            "module.az104-06-vnet01.azurerm_virtual_network.az104-06",
            "module.nsg_vnet01.azurerm_network_security_group.nsg",
            "module.vnet01_subnet0.azurerm_subnet.subnet"
          ]
        }
      ]
    },
    {
      "module": "module.nsg_associate_v1s1",
      "mode": "managed",
      "type": "azurerm_subnet_network_security_group_association",
      "name": "nsg_associate",
      "provider": "provider[\"registry.terraform.io/hashicorp/azurerm\"]",
      "instances": [
        {
          "schema_version": 0,
          "attributes": {
            "id": "/subscriptions/f094a6a8-75ea-4c18-af05-ea242e9f5b26/resourceGroups/dev-az104-06-rg1/providers/Microsoft.Network/virtualNetworks/dev-az104-06-vnet01/subnets/dev-vnet01_subnet1",
            "network_security_group_id": "/subscriptions/f094a6a8-75ea-4c18-af05-ea242e9f5b26/resourceGroups/dev-az104-06-rg1/providers/Microsoft.Network/networkSecurityGroups/nsg_vnet01",
            "subnet_id": "/subscriptions/f094a6a8-75ea-4c18-af05-ea242e9f5b26/resourceGroups/dev-az104-06-rg1/providers/Microsoft.Network/virtualNetworks/dev-az104-06-vnet01/subnets/dev-vnet01_subnet1",
            "timeouts": null
          },
          "sensitive_attributes": [],
          "private": "eyJlMmJmYjczMC1lY2FhLTExZTYtOGY4OC0zNDM2M2JjN2M0YzAiOnsiY3JlYXRlIjoxODAwMDAwMDAwMDAwLCJkZWxldGUiOjE4MDAwMDAwMDAwMDAsInJlYWQiOjMwMDAwMDAwMDAwMH19",
          "dependencies": [
            "module.az104-06-rg1.azurerm_resource_group.az104-06",
            "module.az104-06-vnet01.azurerm_virtual_network.az104-06",
            "module.nsg_vnet01.azurerm_network_security_group.nsg",
            "module.vnet01_subnet1.azurerm_subnet.subnet"
          ]
        }
      ]
    },
    {
      "module": "module.nsg_associate_v2s0",
      "mode": "managed",
      "type": "azurerm_subnet_network_security_group_association",
      "name": "nsg_associate",
      "provider": "provider[\"registry.terraform.io/hashicorp/azurerm\"]",
      "instances": [
        {
          "schema_version": 0,
          "attributes": {
            "id": "/subscriptions/f094a6a8-75ea-4c18-af05-ea242e9f5b26/resourceGroups/dev-az104-06-rg1/providers/Microsoft.Network/virtualNetworks/dev-az104-06-vnet02/subnets/dev-vnet02_subnet0",
            "network_security_group_id": "/subscriptions/f094a6a8-75ea-4c18-af05-ea242e9f5b26/resourceGroups/dev-az104-06-rg1/providers/Microsoft.Network/networkSecurityGroups/nsg_vnet02",
            "subnet_id": "/subscriptions/f094a6a8-75ea-4c18-af05-ea242e9f5b26/resourceGroups/dev-az104-06-rg1/providers/Microsoft.Network/virtualNetworks/dev-az104-06-vnet02/subnets/dev-vnet02_subnet0",
            "timeouts": null
          },
          "sensitive_attributes": [],
          "private": "eyJlMmJmYjczMC1lY2FhLTExZTYtOGY4OC0zNDM2M2JjN2M0YzAiOnsiY3JlYXRlIjoxODAwMDAwMDAwMDAwLCJkZWxldGUiOjE4MDAwMDAwMDAwMDAsInJlYWQiOjMwMDAwMDAwMDAwMH19",
          "dependencies": [
            "module.az104-06-rg1.azurerm_resource_group.az104-06",
            "module.az104-06-vnet02.azurerm_virtual_network.az104-06",
            "module.nsg_vnet02.azurerm_network_security_group.nsg",
            "module.vnet02_subnet0.azurerm_subnet.subnet"
          ]
        }
      ]
    },
    {
      "module": "module.nsg_associate_v3s0",
      "mode": "managed",
      "type": "azurerm_subnet_network_security_group_association",
      "name": "nsg_associate",
      "provider": "provider[\"registry.terraform.io/hashicorp/azurerm\"]",
      "instances": [
        {
          "schema_version": 0,
          "attributes": {
            "id": "/subscriptions/f094a6a8-75ea-4c18-af05-ea242e9f5b26/resourceGroups/dev-az104-06-rg1/providers/Microsoft.Network/virtualNetworks/dev-az104-06-vnet03/subnets/dev-vnet03_subnet0",
            "network_security_group_id": "/subscriptions/f094a6a8-75ea-4c18-af05-ea242e9f5b26/resourceGroups/dev-az104-06-rg1/providers/Microsoft.Network/networkSecurityGroups/nsg_vnet03",
            "subnet_id": "/subscriptions/f094a6a8-75ea-4c18-af05-ea242e9f5b26/resourceGroups/dev-az104-06-rg1/providers/Microsoft.Network/virtualNetworks/dev-az104-06-vnet03/subnets/dev-vnet03_subnet0",
            "timeouts": null
          },
          "sensitive_attributes": [],
          "private": "eyJlMmJmYjczMC1lY2FhLTExZTYtOGY4OC0zNDM2M2JjN2M0YzAiOnsiY3JlYXRlIjoxODAwMDAwMDAwMDAwLCJkZWxldGUiOjE4MDAwMDAwMDAwMDAsInJlYWQiOjMwMDAwMDAwMDAwMH19",
          "dependencies": [
            "module.az104-06-rg1.azurerm_resource_group.az104-06",
            "module.az104-06-vnet03.azurerm_virtual_network.az104-06",
            "module.nsg_vnet03.azurerm_network_security_group.nsg",
            "module.vnet03_subnet0.azurerm_subnet.subnet"
          ]
        }
      ]
    },
    {
      "module": "module.nsg_rule_vnet2_vnet3_allow_3389",
      "mode": "managed",
      "type": "azurerm_network_security_rule",
      "name": "nsg_rule",
      "provider": "provider[\"registry.terraform.io/hashicorp/azurerm\"]",
      "instances": [
        {
          "schema_version": 0,
          "attributes": {
            "access": "Allow",
            "description": "",
            "destination_address_prefix": "*",
            "destination_address_prefixes": [],
            "destination_application_security_group_ids": [],
            "destination_port_range": "3389",
            "destination_port_ranges": [],
            "direction": "Inbound",
            "id": "/subscriptions/f094a6a8-75ea-4c18-af05-ea242e9f5b26/resourceGroups/dev-az104-06-rg1/providers/Microsoft.Network/networkSecurityGroups/nsg_vnet02/securityRules/NSG_rule_name_vnet2_to_vnet3_3389",
            "name": "NSG_rule_name_vnet2_to_vnet3_3389",
            "network_security_group_name": "nsg_vnet02",
            "priority": 1001,
            "protocol": "Tcp",
            "resource_group_name": "dev-az104-06-rg1",
            "source_address_prefix": "*",
            "source_address_prefixes": [],
            "source_application_security_group_ids": [],
            "source_port_range": "*",
            "source_port_ranges": [],
            "timeouts": null
          },
          "sensitive_attributes": [],
          "private": "eyJlMmJmYjczMC1lY2FhLTExZTYtOGY4OC0zNDM2M2JjN2M0YzAiOnsiY3JlYXRlIjoxODAwMDAwMDAwMDAwLCJkZWxldGUiOjE4MDAwMDAwMDAwMDAsInJlYWQiOjMwMDAwMDAwMDAwMCwidXBkYXRlIjoxODAwMDAwMDAwMDAwfX0=",
          "dependencies": [
            "module.az104-06-rg1.azurerm_resource_group.az104-06",
            "module.nsg_vnet02.azurerm_network_security_group.nsg"
          ]
        }
      ]
    },
    {
      "module": "module.nsg_rule_vnet2_vnet3_allow_80",
      "mode": "managed",
      "type": "azurerm_network_security_rule",
      "name": "nsg_rule",
      "provider": "provider[\"registry.terraform.io/hashicorp/azurerm\"]",
      "instances": [
        {
          "schema_version": 0,
          "attributes": {
            "access": "Allow",
            "description": "",
            "destination_address_prefix": "*",
            "destination_address_prefixes": [],
            "destination_application_security_group_ids": [],
            "destination_port_range": "80",
            "destination_port_ranges": [],
            "direction": "Inbound",
            "id": "/subscriptions/f094a6a8-75ea-4c18-af05-ea242e9f5b26/resourceGroups/dev-az104-06-rg1/providers/Microsoft.Network/networkSecurityGroups/nsg_vnet02/securityRules/NSG_rule_name_vnet2_to_vnet3_80",
            "name": "NSG_rule_name_vnet2_to_vnet3_80",
            "network_security_group_name": "nsg_vnet02",
            "priority": 1003,
            "protocol": "Tcp",
            "resource_group_name": "dev-az104-06-rg1",
            "source_address_prefix": "*",
            "source_address_prefixes": [],
            "source_application_security_group_ids": [],
            "source_port_range": "*",
            "source_port_ranges": [],
            "timeouts": null
          },
          "sensitive_attributes": [],
          "private": "eyJlMmJmYjczMC1lY2FhLTExZTYtOGY4OC0zNDM2M2JjN2M0YzAiOnsiY3JlYXRlIjoxODAwMDAwMDAwMDAwLCJkZWxldGUiOjE4MDAwMDAwMDAwMDAsInJlYWQiOjMwMDAwMDAwMDAwMCwidXBkYXRlIjoxODAwMDAwMDAwMDAwfX0=",
          "dependencies": [
            "module.az104-06-rg1.azurerm_resource_group.az104-06",
            "module.nsg_vnet02.azurerm_network_security_group.nsg"
          ]
        }
      ]
    },
    {
      "module": "module.nsg_rule_vnet3_vnet2_allow_3389",
      "mode": "managed",
      "type": "azurerm_network_security_rule",
      "name": "nsg_rule",
      "provider": "provider[\"registry.terraform.io/hashicorp/azurerm\"]",
      "instances": [
        {
          "schema_version": 0,
          "attributes": {
            "access": "Allow",
            "description": "",
            "destination_address_prefix": "*",
            "destination_address_prefixes": [],
            "destination_application_security_group_ids": [],
            "destination_port_range": "3389",
            "destination_port_ranges": [],
            "direction": "Inbound",
            "id": "/subscriptions/f094a6a8-75ea-4c18-af05-ea242e9f5b26/resourceGroups/dev-az104-06-rg1/providers/Microsoft.Network/networkSecurityGroups/nsg_vnet03/securityRules/NSG_rule_name_vnet3_to_vnet2_3389",
            "name": "NSG_rule_name_vnet3_to_vnet2_3389",
            "network_security_group_name": "nsg_vnet03",
            "priority": 1002,
            "protocol": "Tcp",
            "resource_group_name": "dev-az104-06-rg1",
            "source_address_prefix": "*",
            "source_address_prefixes": [],
            "source_application_security_group_ids": [],
            "source_port_range": "*",
            "source_port_ranges": [],
            "timeouts": null
          },
          "sensitive_attributes": [],
          "private": "eyJlMmJmYjczMC1lY2FhLTExZTYtOGY4OC0zNDM2M2JjN2M0YzAiOnsiY3JlYXRlIjoxODAwMDAwMDAwMDAwLCJkZWxldGUiOjE4MDAwMDAwMDAwMDAsInJlYWQiOjMwMDAwMDAwMDAwMCwidXBkYXRlIjoxODAwMDAwMDAwMDAwfX0=",
          "dependencies": [
            "module.az104-06-rg1.azurerm_resource_group.az104-06",
            "module.nsg_vnet03.azurerm_network_security_group.nsg"
          ]
        }
      ]
    },
    {
      "module": "module.nsg_rule_vnet3_vnet2_allow_80",
      "mode": "managed",
      "type": "azurerm_network_security_rule",
      "name": "nsg_rule",
      "provider": "provider[\"registry.terraform.io/hashicorp/azurerm\"]",
      "instances": [
        {
          "schema_version": 0,
          "attributes": {
            "access": "Allow",
            "description": "",
            "destination_address_prefix": "*",
            "destination_address_prefixes": [],
            "destination_application_security_group_ids": [],
            "destination_port_range": "80",
            "destination_port_ranges": [],
            "direction": "Inbound",
            "id": "/subscriptions/f094a6a8-75ea-4c18-af05-ea242e9f5b26/resourceGroups/dev-az104-06-rg1/providers/Microsoft.Network/networkSecurityGroups/nsg_vnet03/securityRules/NSG_rule_name_vnet3_to_vnet2_80",
            "name": "NSG_rule_name_vnet3_to_vnet2_80",
            "network_security_group_name": "nsg_vnet03",
            "priority": 1004,
            "protocol": "Tcp",
            "resource_group_name": "dev-az104-06-rg1",
            "source_address_prefix": "*",
            "source_address_prefixes": [],
            "source_application_security_group_ids": [],
            "source_port_range": "*",
            "source_port_ranges": [],
            "timeouts": null
          },
          "sensitive_attributes": [],
          "private": "eyJlMmJmYjczMC1lY2FhLTExZTYtOGY4OC0zNDM2M2JjN2M0YzAiOnsiY3JlYXRlIjoxODAwMDAwMDAwMDAwLCJkZWxldGUiOjE4MDAwMDAwMDAwMDAsInJlYWQiOjMwMDAwMDAwMDAwMCwidXBkYXRlIjoxODAwMDAwMDAwMDAwfX0=",
          "dependencies": [
            "module.az104-06-rg1.azurerm_resource_group.az104-06",
            "module.nsg_vnet03.azurerm_network_security_group.nsg"
          ]
        }
      ]
    },
    {
      "module": "module.nsg_vnet01",
      "mode": "managed",
      "type": "azurerm_network_security_group",
      "name": "nsg",
      "provider": "provider[\"registry.terraform.io/hashicorp/azurerm\"]",
      "instances": [
        {
          "schema_version": 0,
          "attributes": {
            "id": "/subscriptions/f094a6a8-75ea-4c18-af05-ea242e9f5b26/resourceGroups/dev-az104-06-rg1/providers/Microsoft.Network/networkSecurityGroups/nsg_vnet01",
            "location": "eastus",
            "name": "nsg_vnet01",
            "resource_group_name": "dev-az104-06-rg1",
            "security_rule": [],
            "tags": {},
            "timeouts": null
          },
          "sensitive_attributes": [],
          "private": "eyJlMmJmYjczMC1lY2FhLTExZTYtOGY4OC0zNDM2M2JjN2M0YzAiOnsiY3JlYXRlIjoxODAwMDAwMDAwMDAwLCJkZWxldGUiOjE4MDAwMDAwMDAwMDAsInJlYWQiOjMwMDAwMDAwMDAwMCwidXBkYXRlIjoxODAwMDAwMDAwMDAwfX0=",
          "dependencies": [
            "module.az104-06-rg1.azurerm_resource_group.az104-06"
          ]
        }
      ]
    },
    {
      "module": "module.nsg_vnet02",
      "mode": "managed",
      "type": "azurerm_network_security_group",
      "name": "nsg",
      "provider": "provider[\"registry.terraform.io/hashicorp/azurerm\"]",
      "instances": [
        {
          "schema_version": 0,
          "attributes": {
            "id": "/subscriptions/f094a6a8-75ea-4c18-af05-ea242e9f5b26/resourceGroups/dev-az104-06-rg1/providers/Microsoft.Network/networkSecurityGroups/nsg_vnet02",
            "location": "eastus",
            "name": "nsg_vnet02",
            "resource_group_name": "dev-az104-06-rg1",
            "security_rule": [
              {
                "access": "Allow",
                "description": "",
                "destination_address_prefix": "*",
                "destination_address_prefixes": [],
                "destination_application_security_group_ids": [],
                "destination_port_range": "3389",
                "destination_port_ranges": [],
                "direction": "Inbound",
                "name": "NSG_rule_name_vnet2_to_vnet3_3389",
                "priority": 1001,
                "protocol": "Tcp",
                "source_address_prefix": "*",
                "source_address_prefixes": [],
                "source_application_security_group_ids": [],
                "source_port_range": "*",
                "source_port_ranges": []
              },
              {
                "access": "Allow",
                "description": "",
                "destination_address_prefix": "*",
                "destination_address_prefixes": [],
                "destination_application_security_group_ids": [],
                "destination_port_range": "80",
                "destination_port_ranges": [],
                "direction": "Inbound",
                "name": "NSG_rule_name_vnet2_to_vnet3_80",
                "priority": 1003,
                "protocol": "Tcp",
                "source_address_prefix": "*",
                "source_address_prefixes": [],
                "source_application_security_group_ids": [],
                "source_port_range": "*",
                "source_port_ranges": []
              }
            ],
            "tags": {},
            "timeouts": null
          },
          "sensitive_attributes": [],
          "private": "eyJlMmJmYjczMC1lY2FhLTExZTYtOGY4OC0zNDM2M2JjN2M0YzAiOnsiY3JlYXRlIjoxODAwMDAwMDAwMDAwLCJkZWxldGUiOjE4MDAwMDAwMDAwMDAsInJlYWQiOjMwMDAwMDAwMDAwMCwidXBkYXRlIjoxODAwMDAwMDAwMDAwfX0=",
          "dependencies": [
            "module.az104-06-rg1.azurerm_resource_group.az104-06"
          ]
        }
      ]
    },
    {
      "module": "module.nsg_vnet03",
      "mode": "managed",
      "type": "azurerm_network_security_group",
      "name": "nsg",
      "provider": "provider[\"registry.terraform.io/hashicorp/azurerm\"]",
      "instances": [
        {
          "schema_version": 0,
          "attributes": {
            "id": "/subscriptions/f094a6a8-75ea-4c18-af05-ea242e9f5b26/resourceGroups/dev-az104-06-rg1/providers/Microsoft.Network/networkSecurityGroups/nsg_vnet03",
            "location": "eastus",
            "name": "nsg_vnet03",
            "resource_group_name": "dev-az104-06-rg1",
            "security_rule": [
              {
                "access": "Allow",
                "description": "",
                "destination_address_prefix": "*",
                "destination_address_prefixes": [],
                "destination_application_security_group_ids": [],
                "destination_port_range": "3389",
                "destination_port_ranges": [],
                "direction": "Inbound",
                "name": "NSG_rule_name_vnet3_to_vnet2_3389",
                "priority": 1002,
                "protocol": "Tcp",
                "source_address_prefix": "*",
                "source_address_prefixes": [],
                "source_application_security_group_ids": [],
                "source_port_range": "*",
                "source_port_ranges": []
              },
              {
                "access": "Allow",
                "description": "",
                "destination_address_prefix": "*",
                "destination_address_prefixes": [],
                "destination_application_security_group_ids": [],
                "destination_port_range": "80",
                "destination_port_ranges": [],
                "direction": "Inbound",
                "name": "NSG_rule_name_vnet3_to_vnet2_80",
                "priority": 1004,
                "protocol": "Tcp",
                "source_address_prefix": "*",
                "source_address_prefixes": [],
                "source_application_security_group_ids": [],
                "source_port_range": "*",
                "source_port_ranges": []
              }
            ],
            "tags": {},
            "timeouts": null
          },
          "sensitive_attributes": [],
          "private": "eyJlMmJmYjczMC1lY2FhLTExZTYtOGY4OC0zNDM2M2JjN2M0YzAiOnsiY3JlYXRlIjoxODAwMDAwMDAwMDAwLCJkZWxldGUiOjE4MDAwMDAwMDAwMDAsInJlYWQiOjMwMDAwMDAwMDAwMCwidXBkYXRlIjoxODAwMDAwMDAwMDAwfX0=",
          "dependencies": [
            "module.az104-06-rg1.azurerm_resource_group.az104-06"
          ]
        }
      ]
    },
    {
      "module": "module.peering1to2",
      "mode": "managed",
      "type": "azurerm_virtual_network_peering",
      "name": "peering",
      "provider": "provider[\"registry.terraform.io/hashicorp/azurerm\"]",
      "instances": [
        {
          "schema_version": 0,
          "attributes": {
            "allow_forwarded_traffic": true,
            "allow_gateway_transit": true,
            "allow_virtual_network_access": true,
            "id": "/subscriptions/f094a6a8-75ea-4c18-af05-ea242e9f5b26/resourceGroups/dev-az104-06-rg1/providers/Microsoft.Network/virtualNetworks/dev-az104-06-vnet01/virtualNetworkPeerings/Peering_1to2",
            "name": "Peering_1to2",
            "remote_virtual_network_id": "/subscriptions/f094a6a8-75ea-4c18-af05-ea242e9f5b26/resourceGroups/dev-az104-06-rg1/providers/Microsoft.Network/virtualNetworks/dev-az104-06-vnet02",
            "resource_group_name": "dev-az104-06-rg1",
            "timeouts": null,
            "triggers": null,
            "use_remote_gateways": false,
            "virtual_network_name": "dev-az104-06-vnet01"
          },
          "sensitive_attributes": [],
          "private": "eyJlMmJmYjczMC1lY2FhLTExZTYtOGY4OC0zNDM2M2JjN2M0YzAiOnsiY3JlYXRlIjoxODAwMDAwMDAwMDAwLCJkZWxldGUiOjE4MDAwMDAwMDAwMDAsInJlYWQiOjMwMDAwMDAwMDAwMCwidXBkYXRlIjoxODAwMDAwMDAwMDAwfX0=",
          "dependencies": [
            "module.az104-06-rg1.azurerm_resource_group.az104-06",
            "module.az104-06-vnet01.azurerm_virtual_network.az104-06",
            "module.az104-06-vnet02.azurerm_virtual_network.az104-06"
          ]
        }
      ]
    },
    {
      "module": "module.peering1to3",
      "mode": "managed",
      "type": "azurerm_virtual_network_peering",
      "name": "peering",
      "provider": "provider[\"registry.terraform.io/hashicorp/azurerm\"]",
      "instances": [
        {
          "schema_version": 0,
          "attributes": {
            "allow_forwarded_traffic": true,
            "allow_gateway_transit": true,
            "allow_virtual_network_access": true,
            "id": "/subscriptions/f094a6a8-75ea-4c18-af05-ea242e9f5b26/resourceGroups/dev-az104-06-rg1/providers/Microsoft.Network/virtualNetworks/dev-az104-06-vnet01/virtualNetworkPeerings/Peering_1to3",
            "name": "Peering_1to3",
            "remote_virtual_network_id": "/subscriptions/f094a6a8-75ea-4c18-af05-ea242e9f5b26/resourceGroups/dev-az104-06-rg1/providers/Microsoft.Network/virtualNetworks/dev-az104-06-vnet03",
            "resource_group_name": "dev-az104-06-rg1",
            "timeouts": null,
            "triggers": null,
            "use_remote_gateways": false,
            "virtual_network_name": "dev-az104-06-vnet01"
          },
          "sensitive_attributes": [],
          "private": "eyJlMmJmYjczMC1lY2FhLTExZTYtOGY4OC0zNDM2M2JjN2M0YzAiOnsiY3JlYXRlIjoxODAwMDAwMDAwMDAwLCJkZWxldGUiOjE4MDAwMDAwMDAwMDAsInJlYWQiOjMwMDAwMDAwMDAwMCwidXBkYXRlIjoxODAwMDAwMDAwMDAwfX0=",
          "dependencies": [
            "module.az104-06-rg1.azurerm_resource_group.az104-06",
            "module.az104-06-vnet01.azurerm_virtual_network.az104-06",
            "module.az104-06-vnet03.azurerm_virtual_network.az104-06"
          ]
        }
      ]
    },
    {
      "module": "module.peering2to1",
      "mode": "managed",
      "type": "azurerm_virtual_network_peering",
      "name": "peering",
      "provider": "provider[\"registry.terraform.io/hashicorp/azurerm\"]",
      "instances": [
        {
          "schema_version": 0,
          "attributes": {
            "allow_forwarded_traffic": true,
            "allow_gateway_transit": true,
            "allow_virtual_network_access": true,
            "id": "/subscriptions/f094a6a8-75ea-4c18-af05-ea242e9f5b26/resourceGroups/dev-az104-06-rg1/providers/Microsoft.Network/virtualNetworks/dev-az104-06-vnet02/virtualNetworkPeerings/Peering_2to1",
            "name": "Peering_2to1",
            "remote_virtual_network_id": "/subscriptions/f094a6a8-75ea-4c18-af05-ea242e9f5b26/resourceGroups/dev-az104-06-rg1/providers/Microsoft.Network/virtualNetworks/dev-az104-06-vnet01",
            "resource_group_name": "dev-az104-06-rg1",
            "timeouts": null,
            "triggers": null,
            "use_remote_gateways": false,
            "virtual_network_name": "dev-az104-06-vnet02"
          },
          "sensitive_attributes": [],
          "private": "eyJlMmJmYjczMC1lY2FhLTExZTYtOGY4OC0zNDM2M2JjN2M0YzAiOnsiY3JlYXRlIjoxODAwMDAwMDAwMDAwLCJkZWxldGUiOjE4MDAwMDAwMDAwMDAsInJlYWQiOjMwMDAwMDAwMDAwMCwidXBkYXRlIjoxODAwMDAwMDAwMDAwfX0=",
          "dependencies": [
            "module.az104-06-rg1.azurerm_resource_group.az104-06",
            "module.az104-06-vnet01.azurerm_virtual_network.az104-06",
            "module.az104-06-vnet02.azurerm_virtual_network.az104-06"
          ]
        }
      ]
    },
    {
      "module": "module.peering3to1",
      "mode": "managed",
      "type": "azurerm_virtual_network_peering",
      "name": "peering",
      "provider": "provider[\"registry.terraform.io/hashicorp/azurerm\"]",
      "instances": [
        {
          "schema_version": 0,
          "attributes": {
            "allow_forwarded_traffic": true,
            "allow_gateway_transit": true,
            "allow_virtual_network_access": true,
            "id": "/subscriptions/f094a6a8-75ea-4c18-af05-ea242e9f5b26/resourceGroups/dev-az104-06-rg1/providers/Microsoft.Network/virtualNetworks/dev-az104-06-vnet03/virtualNetworkPeerings/Peering_3to1",
            "name": "Peering_3to1",
            "remote_virtual_network_id": "/subscriptions/f094a6a8-75ea-4c18-af05-ea242e9f5b26/resourceGroups/dev-az104-06-rg1/providers/Microsoft.Network/virtualNetworks/dev-az104-06-vnet01",
            "resource_group_name": "dev-az104-06-rg1",
            "timeouts": null,
            "triggers": null,
            "use_remote_gateways": false,
            "virtual_network_name": "dev-az104-06-vnet03"
          },
          "sensitive_attributes": [],
          "private": "eyJlMmJmYjczMC1lY2FhLTExZTYtOGY4OC0zNDM2M2JjN2M0YzAiOnsiY3JlYXRlIjoxODAwMDAwMDAwMDAwLCJkZWxldGUiOjE4MDAwMDAwMDAwMDAsInJlYWQiOjMwMDAwMDAwMDAwMCwidXBkYXRlIjoxODAwMDAwMDAwMDAwfX0=",
          "dependencies": [
            "module.az104-06-rg1.azurerm_resource_group.az104-06",
            "module.az104-06-vnet01.azurerm_virtual_network.az104-06",
            "module.az104-06-vnet03.azurerm_virtual_network.az104-06"
          ]
        }
      ]
    },
    {
      "module": "module.vm-01",
      "mode": "managed",
      "type": "azurerm_virtual_machine",
      "name": "vm_name",
      "provider": "provider[\"registry.terraform.io/hashicorp/azurerm\"]",
      "instances": [
        {
          "schema_version": 0,
          "attributes": {
            "additional_capabilities": [],
            "availability_set_id": null,
            "boot_diagnostics": [],
            "delete_data_disks_on_termination": false,
            "delete_os_disk_on_termination": false,
            "id": "/subscriptions/f094a6a8-75ea-4c18-af05-ea242e9f5b26/resourceGroups/dev-az104-06-rg1/providers/Microsoft.Compute/virtualMachines/vm-01",
            "identity": [],
            "license_type": null,
            "location": "eastus",
            "name": "vm-01",
            "network_interface_ids": [
              "/subscriptions/f094a6a8-75ea-4c18-af05-ea242e9f5b26/resourceGroups/dev-az104-06-rg1/providers/Microsoft.Network/networkInterfaces/NIC-01"
            ],
            "os_profile": [],
            "os_profile_linux_config": [
              {
                "disable_password_authentication": false,
                "ssh_keys": []
              }
            ],
            "os_profile_secrets": [],
            "os_profile_windows_config": [],
            "plan": [],
            "primary_network_interface_id": null,
            "proximity_placement_group_id": null,
            "resource_group_name": "dev-az104-06-rg1",
            "storage_data_disk": [],
            "storage_image_reference": [],
            "storage_os_disk": [
              {
                "caching": "ReadWrite",
                "create_option": "Attach",
                "disk_size_gb": 128,
                "image_uri": "",
                "managed_disk_id": "/subscriptions/f094a6a8-75ea-4c18-af05-ea242e9f5b26/resourceGroups/dev-az104-06-rg1/providers/Microsoft.Compute/disks/myosdisk01",
                "managed_disk_type": "Standard_LRS",
                "name": "myosdisk01",
                "os_type": "Linux",
                "vhd_uri": "",
                "write_accelerator_enabled": false
              }
            ],
            "tags": {},
            "timeouts": null,
            "vm_size": "Standard_DS1_v2",
            "zones": []
          },
          "sensitive_attributes": [],
          "private": "eyJlMmJmYjczMC1lY2FhLTExZTYtOGY4OC0zNDM2M2JjN2M0YzAiOnsiY3JlYXRlIjozNjAwMDAwMDAwMDAwLCJkZWxldGUiOjM2MDAwMDAwMDAwMDAsInJlYWQiOjMwMDAwMDAwMDAwMCwidXBkYXRlIjozNjAwMDAwMDAwMDAwfX0=",
          "dependencies": [
            "module.az104-06-rg1.azurerm_resource_group.az104-06",
            "module.az104-06-vnet01.azurerm_virtual_network.az104-06",
            "module.managed_disk_01.azurerm_managed_disk.myosdisk",
            "module.managed_disk_empty_name.azurerm_managed_disk.source_disk",
            "module.nic-01.azurerm_network_interface.nic",
            "module.vnet01_subnet0.azurerm_subnet.subnet"
          ]
        }
      ]
    },
    {
      "module": "module.vm-02",
      "mode": "managed",
      "type": "azurerm_virtual_machine",
      "name": "vm_name",
      "provider": "provider[\"registry.terraform.io/hashicorp/azurerm\"]",
      "instances": [
        {
          "schema_version": 0,
          "attributes": {
            "additional_capabilities": [],
            "availability_set_id": null,
            "boot_diagnostics": [],
            "delete_data_disks_on_termination": false,
            "delete_os_disk_on_termination": false,
            "id": "/subscriptions/f094a6a8-75ea-4c18-af05-ea242e9f5b26/resourceGroups/dev-az104-06-rg1/providers/Microsoft.Compute/virtualMachines/vm-02",
            "identity": [],
            "license_type": null,
            "location": "eastus",
            "name": "vm-02",
            "network_interface_ids": [
              "/subscriptions/f094a6a8-75ea-4c18-af05-ea242e9f5b26/resourceGroups/dev-az104-06-rg1/providers/Microsoft.Network/networkInterfaces/NIC-02"
            ],
            "os_profile": [],
            "os_profile_linux_config": [
              {
                "disable_password_authentication": false,
                "ssh_keys": []
              }
            ],
            "os_profile_secrets": [],
            "os_profile_windows_config": [],
            "plan": [],
            "primary_network_interface_id": null,
            "proximity_placement_group_id": null,
            "resource_group_name": "dev-az104-06-rg1",
            "storage_data_disk": [],
            "storage_image_reference": [],
            "storage_os_disk": [
              {
                "caching": "ReadWrite",
                "create_option": "Attach",
                "disk_size_gb": 128,
                "image_uri": "",
                "managed_disk_id": "/subscriptions/f094a6a8-75ea-4c18-af05-ea242e9f5b26/resourceGroups/dev-az104-06-rg1/providers/Microsoft.Compute/disks/myosdisk02",
                "managed_disk_type": "Standard_LRS",
                "name": "myosdisk02",
                "os_type": "Linux",
                "vhd_uri": "",
                "write_accelerator_enabled": false
              }
            ],
            "tags": {},
            "timeouts": null,
            "vm_size": "Standard_DS1_v2",
            "zones": []
          },
          "sensitive_attributes": [],
          "private": "eyJlMmJmYjczMC1lY2FhLTExZTYtOGY4OC0zNDM2M2JjN2M0YzAiOnsiY3JlYXRlIjozNjAwMDAwMDAwMDAwLCJkZWxldGUiOjM2MDAwMDAwMDAwMDAsInJlYWQiOjMwMDAwMDAwMDAwMCwidXBkYXRlIjozNjAwMDAwMDAwMDAwfX0=",
          "dependencies": [
            "module.az104-06-rg1.azurerm_resource_group.az104-06",
            "module.az104-06-vnet01.azurerm_virtual_network.az104-06",
            "module.managed_disk_02.azurerm_managed_disk.myosdisk",
            "module.managed_disk_empty_name.azurerm_managed_disk.source_disk",
            "module.nic-02.azurerm_network_interface.nic",
            "module.vnet01_subnet1.azurerm_subnet.subnet"
          ]
        }
      ]
    },
    {
      "module": "module.vm-03",
      "mode": "managed",
      "type": "azurerm_virtual_machine",
      "name": "vm_name",
      "provider": "provider[\"registry.terraform.io/hashicorp/azurerm\"]",
      "instances": [
        {
          "schema_version": 0,
          "attributes": {
            "additional_capabilities": [],
            "availability_set_id": null,
            "boot_diagnostics": [],
            "delete_data_disks_on_termination": false,
            "delete_os_disk_on_termination": false,
            "id": "/subscriptions/f094a6a8-75ea-4c18-af05-ea242e9f5b26/resourceGroups/dev-az104-06-rg1/providers/Microsoft.Compute/virtualMachines/vm-03",
            "identity": [],
            "license_type": null,
            "location": "eastus",
            "name": "vm-03",
            "network_interface_ids": [
              "/subscriptions/f094a6a8-75ea-4c18-af05-ea242e9f5b26/resourceGroups/dev-az104-06-rg1/providers/Microsoft.Network/networkInterfaces/NIC-03"
            ],
            "os_profile": [],
            "os_profile_linux_config": [
              {
                "disable_password_authentication": false,
                "ssh_keys": []
              }
            ],
            "os_profile_secrets": [],
            "os_profile_windows_config": [],
            "plan": [],
            "primary_network_interface_id": null,
            "proximity_placement_group_id": null,
            "resource_group_name": "dev-az104-06-rg1",
            "storage_data_disk": [],
            "storage_image_reference": [],
            "storage_os_disk": [
              {
                "caching": "ReadWrite",
                "create_option": "Attach",
                "disk_size_gb": 128,
                "image_uri": "",
                "managed_disk_id": "/subscriptions/f094a6a8-75ea-4c18-af05-ea242e9f5b26/resourceGroups/dev-az104-06-rg1/providers/Microsoft.Compute/disks/myosdisk03",
                "managed_disk_type": "Standard_LRS",
                "name": "myosdisk03",
                "os_type": "Linux",
                "vhd_uri": "",
                "write_accelerator_enabled": false
              }
            ],
            "tags": {},
            "timeouts": null,
            "vm_size": "Standard_DS1_v2",
            "zones": []
          },
          "sensitive_attributes": [],
          "private": "eyJlMmJmYjczMC1lY2FhLTExZTYtOGY4OC0zNDM2M2JjN2M0YzAiOnsiY3JlYXRlIjozNjAwMDAwMDAwMDAwLCJkZWxldGUiOjM2MDAwMDAwMDAwMDAsInJlYWQiOjMwMDAwMDAwMDAwMCwidXBkYXRlIjozNjAwMDAwMDAwMDAwfX0=",
          "dependencies": [
            "module.az104-06-rg1.azurerm_resource_group.az104-06",
            "module.az104-06-vnet02.azurerm_virtual_network.az104-06",
            "module.managed_disk_03.azurerm_managed_disk.myosdisk",
            "module.managed_disk_empty_name.azurerm_managed_disk.source_disk",
            "module.nic-03.azurerm_network_interface.nic",
            "module.vnet02_subnet0.azurerm_subnet.subnet"
          ]
        }
      ]
    },
    {
      "module": "module.vm-04",
      "mode": "managed",
      "type": "azurerm_virtual_machine",
      "name": "vm_name",
      "provider": "provider[\"registry.terraform.io/hashicorp/azurerm\"]",
      "instances": [
        {
          "schema_version": 0,
          "attributes": {
            "additional_capabilities": [],
            "availability_set_id": null,
            "boot_diagnostics": [],
            "delete_data_disks_on_termination": false,
            "delete_os_disk_on_termination": false,
            "id": "/subscriptions/f094a6a8-75ea-4c18-af05-ea242e9f5b26/resourceGroups/dev-az104-06-rg1/providers/Microsoft.Compute/virtualMachines/vm-04",
            "identity": [],
            "license_type": null,
            "location": "eastus",
            "name": "vm-04",
            "network_interface_ids": [
              "/subscriptions/f094a6a8-75ea-4c18-af05-ea242e9f5b26/resourceGroups/dev-az104-06-rg1/providers/Microsoft.Network/networkInterfaces/NIC-04"
            ],
            "os_profile": [],
            "os_profile_linux_config": [
              {
                "disable_password_authentication": false,
                "ssh_keys": []
              }
            ],
            "os_profile_secrets": [],
            "os_profile_windows_config": [],
            "plan": [],
            "primary_network_interface_id": null,
            "proximity_placement_group_id": null,
            "resource_group_name": "dev-az104-06-rg1",
            "storage_data_disk": [],
            "storage_image_reference": [],
            "storage_os_disk": [
              {
                "caching": "ReadWrite",
                "create_option": "Attach",
                "disk_size_gb": 128,
                "image_uri": "",
                "managed_disk_id": "/subscriptions/f094a6a8-75ea-4c18-af05-ea242e9f5b26/resourceGroups/dev-az104-06-rg1/providers/Microsoft.Compute/disks/myosdisk04",
                "managed_disk_type": "Standard_LRS",
                "name": "myosdisk04",
                "os_type": "Linux",
                "vhd_uri": "",
                "write_accelerator_enabled": false
              }
            ],
            "tags": {},
            "timeouts": null,
            "vm_size": "Standard_DS1_v2",
            "zones": []
          },
          "sensitive_attributes": [],
          "private": "eyJlMmJmYjczMC1lY2FhLTExZTYtOGY4OC0zNDM2M2JjN2M0YzAiOnsiY3JlYXRlIjozNjAwMDAwMDAwMDAwLCJkZWxldGUiOjM2MDAwMDAwMDAwMDAsInJlYWQiOjMwMDAwMDAwMDAwMCwidXBkYXRlIjozNjAwMDAwMDAwMDAwfX0=",
          "dependencies": [
            "module.az104-06-rg1.azurerm_resource_group.az104-06",
            "module.az104-06-vnet03.azurerm_virtual_network.az104-06",
            "module.managed_disk_04.azurerm_managed_disk.myosdisk",
            "module.managed_disk_empty_name.azurerm_managed_disk.source_disk",
            "module.nic-04.azurerm_network_interface.nic",
            "module.vnet03_subnet0.azurerm_subnet.subnet"
          ]
        }
      ]
    },
    {
      "module": "module.vnet01_subnet0",
      "mode": "managed",
      "type": "azurerm_subnet",
      "name": "subnet",
      "provider": "provider[\"registry.terraform.io/hashicorp/azurerm\"]",
      "instances": [
        {
          "schema_version": 0,
          "attributes": {
            "address_prefixes": [
              "10.60.0.0/24"
            ],
            "delegation": [],
            "enforce_private_link_endpoint_network_policies": false,
            "enforce_private_link_service_network_policies": false,
            "id": "/subscriptions/f094a6a8-75ea-4c18-af05-ea242e9f5b26/resourceGroups/dev-az104-06-rg1/providers/Microsoft.Network/virtualNetworks/dev-az104-06-vnet01/subnets/dev-vnet01_subnet0",
            "name": "dev-vnet01_subnet0",
            "private_endpoint_network_policies_enabled": true,
            "private_link_service_network_policies_enabled": true,
            "resource_group_name": "dev-az104-06-rg1",
            "service_endpoint_policy_ids": [],
            "service_endpoints": [],
            "timeouts": null,
            "virtual_network_name": "dev-az104-06-vnet01"
          },
          "sensitive_attributes": [],
          "private": "eyJlMmJmYjczMC1lY2FhLTExZTYtOGY4OC0zNDM2M2JjN2M0YzAiOnsiY3JlYXRlIjoxODAwMDAwMDAwMDAwLCJkZWxldGUiOjE4MDAwMDAwMDAwMDAsInJlYWQiOjMwMDAwMDAwMDAwMCwidXBkYXRlIjoxODAwMDAwMDAwMDAwfX0=",
          "dependencies": [
            "module.az104-06-rg1.azurerm_resource_group.az104-06",
            "module.az104-06-vnet01.azurerm_virtual_network.az104-06"
          ]
        }
      ]
    },
    {
      "module": "module.vnet01_subnet1",
      "mode": "managed",
      "type": "azurerm_subnet",
      "name": "subnet",
      "provider": "provider[\"registry.terraform.io/hashicorp/azurerm\"]",
      "instances": [
        {
          "schema_version": 0,
          "attributes": {
            "address_prefixes": [
              "10.60.1.0/24"
            ],
            "delegation": [],
            "enforce_private_link_endpoint_network_policies": false,
            "enforce_private_link_service_network_policies": false,
            "id": "/subscriptions/f094a6a8-75ea-4c18-af05-ea242e9f5b26/resourceGroups/dev-az104-06-rg1/providers/Microsoft.Network/virtualNetworks/dev-az104-06-vnet01/subnets/dev-vnet01_subnet1",
            "name": "dev-vnet01_subnet1",
            "private_endpoint_network_policies_enabled": true,
            "private_link_service_network_policies_enabled": true,
            "resource_group_name": "dev-az104-06-rg1",
            "service_endpoint_policy_ids": [],
            "service_endpoints": [],
            "timeouts": null,
            "virtual_network_name": "dev-az104-06-vnet01"
          },
          "sensitive_attributes": [],
          "private": "eyJlMmJmYjczMC1lY2FhLTExZTYtOGY4OC0zNDM2M2JjN2M0YzAiOnsiY3JlYXRlIjoxODAwMDAwMDAwMDAwLCJkZWxldGUiOjE4MDAwMDAwMDAwMDAsInJlYWQiOjMwMDAwMDAwMDAwMCwidXBkYXRlIjoxODAwMDAwMDAwMDAwfX0=",
          "dependencies": [
            "module.az104-06-rg1.azurerm_resource_group.az104-06",
            "module.az104-06-vnet01.azurerm_virtual_network.az104-06"
          ]
        }
      ]
    },
    {
      "module": "module.vnet01_subnetappgw",
      "mode": "managed",
      "type": "azurerm_subnet",
      "name": "subnet",
      "provider": "provider[\"registry.terraform.io/hashicorp/azurerm\"]",
      "instances": [
        {
          "schema_version": 0,
          "attributes": {
            "address_prefixes": [
              "10.60.3.224/27"
            ],
            "delegation": [],
            "enforce_private_link_endpoint_network_policies": false,
            "enforce_private_link_service_network_policies": false,
            "id": "/subscriptions/f094a6a8-75ea-4c18-af05-ea242e9f5b26/resourceGroups/dev-az104-06-rg1/providers/Microsoft.Network/virtualNetworks/dev-az104-06-vnet01/subnets/dev-vnet01_subnet_appgw",
            "name": "dev-vnet01_subnet_appgw",
            "private_endpoint_network_policies_enabled": true,
            "private_link_service_network_policies_enabled": true,
            "resource_group_name": "dev-az104-06-rg1",
            "service_endpoint_policy_ids": [],
            "service_endpoints": [],
            "timeouts": null,
            "virtual_network_name": "dev-az104-06-vnet01"
          },
          "sensitive_attributes": [],
          "private": "eyJlMmJmYjczMC1lY2FhLTExZTYtOGY4OC0zNDM2M2JjN2M0YzAiOnsiY3JlYXRlIjoxODAwMDAwMDAwMDAwLCJkZWxldGUiOjE4MDAwMDAwMDAwMDAsInJlYWQiOjMwMDAwMDAwMDAwMCwidXBkYXRlIjoxODAwMDAwMDAwMDAwfX0=",
          "dependencies": [
            "module.az104-06-rg1.azurerm_resource_group.az104-06",
            "module.az104-06-vnet01.azurerm_virtual_network.az104-06"
          ]
        }
      ]
    },
    {
      "module": "module.vnet02_subnet0",
      "mode": "managed",
      "type": "azurerm_subnet",
      "name": "subnet",
      "provider": "provider[\"registry.terraform.io/hashicorp/azurerm\"]",
      "instances": [
        {
          "schema_version": 0,
          "attributes": {
            "address_prefixes": [
              "10.62.0.0/24"
            ],
            "delegation": [],
            "enforce_private_link_endpoint_network_policies": false,
            "enforce_private_link_service_network_policies": false,
            "id": "/subscriptions/f094a6a8-75ea-4c18-af05-ea242e9f5b26/resourceGroups/dev-az104-06-rg1/providers/Microsoft.Network/virtualNetworks/dev-az104-06-vnet02/subnets/dev-vnet02_subnet0",
            "name": "dev-vnet02_subnet0",
            "private_endpoint_network_policies_enabled": true,
            "private_link_service_network_policies_enabled": true,
            "resource_group_name": "dev-az104-06-rg1",
            "service_endpoint_policy_ids": [],
            "service_endpoints": [],
            "timeouts": null,
            "virtual_network_name": "dev-az104-06-vnet02"
          },
          "sensitive_attributes": [],
          "private": "eyJlMmJmYjczMC1lY2FhLTExZTYtOGY4OC0zNDM2M2JjN2M0YzAiOnsiY3JlYXRlIjoxODAwMDAwMDAwMDAwLCJkZWxldGUiOjE4MDAwMDAwMDAwMDAsInJlYWQiOjMwMDAwMDAwMDAwMCwidXBkYXRlIjoxODAwMDAwMDAwMDAwfX0=",
          "dependencies": [
            "module.az104-06-rg1.azurerm_resource_group.az104-06",
            "module.az104-06-vnet02.azurerm_virtual_network.az104-06"
          ]
        }
      ]
    },
    {
      "module": "module.vnet03_subnet0",
      "mode": "managed",
      "type": "azurerm_subnet",
      "name": "subnet",
      "provider": "provider[\"registry.terraform.io/hashicorp/azurerm\"]",
      "instances": [
        {
          "schema_version": 0,
          "attributes": {
            "address_prefixes": [
              "10.63.0.0/24"
            ],
            "delegation": [],
            "enforce_private_link_endpoint_network_policies": false,
            "enforce_private_link_service_network_policies": false,
            "id": "/subscriptions/f094a6a8-75ea-4c18-af05-ea242e9f5b26/resourceGroups/dev-az104-06-rg1/providers/Microsoft.Network/virtualNetworks/dev-az104-06-vnet03/subnets/dev-vnet03_subnet0",
            "name": "dev-vnet03_subnet0",
            "private_endpoint_network_policies_enabled": true,
            "private_link_service_network_policies_enabled": true,
            "resource_group_name": "dev-az104-06-rg1",
            "service_endpoint_policy_ids": [],
            "service_endpoints": [],
            "timeouts": null,
            "virtual_network_name": "dev-az104-06-vnet03"
          },
          "sensitive_attributes": [],
          "private": "eyJlMmJmYjczMC1lY2FhLTExZTYtOGY4OC0zNDM2M2JjN2M0YzAiOnsiY3JlYXRlIjoxODAwMDAwMDAwMDAwLCJkZWxldGUiOjE4MDAwMDAwMDAwMDAsInJlYWQiOjMwMDAwMDAwMDAwMCwidXBkYXRlIjoxODAwMDAwMDAwMDAwfX0=",
          "dependencies": [
            "module.az104-06-rg1.azurerm_resource_group.az104-06",
            "module.az104-06-vnet03.azurerm_virtual_network.az104-06"
          ]
        }
      ]
    }
  ],
  "check_results": null
}
