{
  "version": 4,
  "terraform_version": "1.6.4",
  "serial": 4,
  "lineage": "46403951-1a2a-0f9e-a4c4-a21ac2c02c36",
  "outputs": {},
  "resources": [
    {
      "module": "module.az104-06-rg1",
      "mode": "managed",
      "type": "azurerm_resource_group",
      "name": "az104-06",
      "provider": "provider[\"registry.terraform.io/hashicorp/azurerm\"]",
      "instances": [
        {
          "schema_version": 0,
          "attributes": {
            "id": "/subscriptions/f094a6a8-75ea-4c18-af05-ea242e9f5b26/resourceGroups/dev-az104-06-rg1",
            "location": "eastus",
            "managed_by": "",
            "name": "dev-az104-06-rg1",
            "tags": {
              "environment": "DEV Environment"
            },
            "timeouts": {
              "create": null,
              "delete": null,
              "read": null,
              "update": null
            }
          },
          "sensitive_attributes": [],
          "private": "eyJlMmJmYjczMC1lY2FhLTExZTYtOGY4OC0zNDM2M2JjN2M0YzAiOnsiY3JlYXRlIjo1NDAwMDAwMDAwMDAwLCJkZWxldGUiOjU0MDAwMDAwMDAwMDAsInJlYWQiOjMwMDAwMDAwMDAwMCwidXBkYXRlIjo1NDAwMDAwMDAwMDAwfX0="
        }
      ]
    },
    {
      "module": "module.az104-06-rg2",
      "mode": "managed",
      "type": "azurerm_resource_group",
      "name": "az104-06",
      "provider": "provider[\"registry.terraform.io/hashicorp/azurerm\"]",
      "instances": [
        {
          "schema_version": 0,
          "attributes": {
            "id": "/subscriptions/f094a6a8-75ea-4c18-af05-ea242e9f5b26/resourceGroups/dev-az104-06-rg2",
            "location": "eastus",
            "managed_by": "",
            "name": "dev-az104-06-rg2",
            "tags": {
              "environment": "DEV Environment"
            },
            "timeouts": {
              "create": null,
              "delete": null,
              "read": null,
              "update": null
            }
          },
          "sensitive_attributes": [],
          "private": "eyJlMmJmYjczMC1lY2FhLTExZTYtOGY4OC0zNDM2M2JjN2M0YzAiOnsiY3JlYXRlIjo1NDAwMDAwMDAwMDAwLCJkZWxldGUiOjU0MDAwMDAwMDAwMDAsInJlYWQiOjMwMDAwMDAwMDAwMCwidXBkYXRlIjo1NDAwMDAwMDAwMDAwfX0="
        }
      ]
    },
    {
      "module": "module.az104-06-rg3",
      "mode": "managed",
      "type": "azurerm_resource_group",
      "name": "az104-06",
      "provider": "provider[\"registry.terraform.io/hashicorp/azurerm\"]",
      "instances": [
        {
          "schema_version": 0,
          "attributes": {
            "id": "/subscriptions/f094a6a8-75ea-4c18-af05-ea242e9f5b26/resourceGroups/dev-az104-06-rg3",
            "location": "eastus",
            "managed_by": "",
            "name": "dev-az104-06-rg3",
            "tags": {
              "environment": "DEV Environment"
            },
            "timeouts": {
              "create": null,
              "delete": null,
              "read": null,
              "update": null
            }
          },
          "sensitive_attributes": [],
          "private": "eyJlMmJmYjczMC1lY2FhLTExZTYtOGY4OC0zNDM2M2JjN2M0YzAiOnsiY3JlYXRlIjo1NDAwMDAwMDAwMDAwLCJkZWxldGUiOjU0MDAwMDAwMDAwMDAsInJlYWQiOjMwMDAwMDAwMDAwMCwidXBkYXRlIjo1NDAwMDAwMDAwMDAwfX0="
        }
      ]
    }
  ],
  "check_results": null
}
